// !$*UTF8*$!
{
	archiveVersion = 1;
	classes = {
	};
	objectVersion = 56;
	objects = {

/* Begin PBXBuildFile section */
		E937043C2CD78B520045B93C /* DescriptionConstants.swift in Sources */ = {isa = PBXBuildFile; fileRef = E937043B2CD78B520045B93C /* DescriptionConstants.swift */; };
		E93704422CD78C740045B93C /* CText.swift in Sources */ = {isa = PBXBuildFile; fileRef = E93704412CD78C740045B93C /* CText.swift */; };
		E93704442CD7979E0045B93C /* LevelParser.swift in Sources */ = {isa = PBXBuildFile; fileRef = E93704432CD7979E0045B93C /* LevelParser.swift */; };
		E93704462CD799A80045B93C /* LevelInternal.swift in Sources */ = {isa = PBXBuildFile; fileRef = E93704452CD799A80045B93C /* LevelInternal.swift */; };
		E940BACF2CDD46FA005581C3 /* Strings.swift in Sources */ = {isa = PBXBuildFile; fileRef = E940BACE2CDD46FA005581C3 /* Strings.swift */; };
		E9519DC72CD8CC9E00D98953 /* WatchAdView.swift in Sources */ = {isa = PBXBuildFile; fileRef = E9519DC62CD8CC9E00D98953 /* WatchAdView.swift */; };
		E9519DC92CD8E26800D98953 /* AppState.swift in Sources */ = {isa = PBXBuildFile; fileRef = E9519DC82CD8E26800D98953 /* AppState.swift */; };
		E9519DCC2CD8E5BE00D98953 /* UserDefaultsService.swift in Sources */ = {isa = PBXBuildFile; fileRef = E9519DCB2CD8E5BE00D98953 /* UserDefaultsService.swift */; };
		E9519DCE2CD8E60B00D98953 /* AppStateService.swift in Sources */ = {isa = PBXBuildFile; fileRef = E9519DCD2CD8E60B00D98953 /* AppStateService.swift */; };
		E9519DD02CD91D5200D98953 /* AdsService.swift in Sources */ = {isa = PBXBuildFile; fileRef = E9519DCF2CD91D5100D98953 /* AdsService.swift */; };
		E9519DD32CD91F3C00D98953 /* GoogleMobileAds in Frameworks */ = {isa = PBXBuildFile; productRef = E9519DD22CD91F3C00D98953 /* GoogleMobileAds */; };
		E9519DD62CD9302E00D98953 /* BannerView.swift in Sources */ = {isa = PBXBuildFile; fileRef = E9519DD52CD9302E00D98953 /* BannerView.swift */; };
		E98773392CDBBF34003CC065 /* Localizable.xcstrings in Resources */ = {isa = PBXBuildFile; fileRef = E98773382CDBBF34003CC065 /* Localizable.xcstrings */; };
		E987733F2CDCF55E003CC065 /* Storyboard.storyboard in Resources */ = {isa = PBXBuildFile; fileRef = E987733E2CDCF55E003CC065 /* Storyboard.storyboard */; };
		E9AF43702CD6CDC600705CBE /* Destination.swift in Sources */ = {isa = PBXBuildFile; fileRef = E9AF436F2CD6CDC600705CBE /* Destination.swift */; };
		E9AF43732CD6CF9D00705CBE /* AppRouter.swift in Sources */ = {isa = PBXBuildFile; fileRef = E9AF43722CD6CF9D00705CBE /* AppRouter.swift */; };
		E9B370322CC90F5B00A6A102 /* CryptarithmApp.swift in Sources */ = {isa = PBXBuildFile; fileRef = E9B370312CC90F5B00A6A102 /* CryptarithmApp.swift */; };
		E9B370342CC90F5B00A6A102 /* ContentView.swift in Sources */ = {isa = PBXBuildFile; fileRef = E9B370332CC90F5B00A6A102 /* ContentView.swift */; };
		E9B370362CC90F5D00A6A102 /* Assets.xcassets in Resources */ = {isa = PBXBuildFile; fileRef = E9B370352CC90F5D00A6A102 /* Assets.xcassets */; };
		E9B370392CC90F5D00A6A102 /* Preview Assets.xcassets in Resources */ = {isa = PBXBuildFile; fileRef = E9B370382CC90F5D00A6A102 /* Preview Assets.xcassets */; };
		E9B370442CC91EFD00A6A102 /* LevelListViewModel.swift in Sources */ = {isa = PBXBuildFile; fileRef = E9B370432CC91EFD00A6A102 /* LevelListViewModel.swift */; };
		E9B370462CC91F2A00A6A102 /* LevelListView.swift in Sources */ = {isa = PBXBuildFile; fileRef = E9B370452CC91F2A00A6A102 /* LevelListView.swift */; };
		E9B3704C2CC9214600A6A102 /* LevelViewModel.swift in Sources */ = {isa = PBXBuildFile; fileRef = E9B3704B2CC9214600A6A102 /* LevelViewModel.swift */; };
		E9B3704E2CC9214D00A6A102 /* LevelView.swift in Sources */ = {isa = PBXBuildFile; fileRef = E9B3704D2CC9214D00A6A102 /* LevelView.swift */; };
		E9B370502CC9259C00A6A102 /* LevelAssembly.swift in Sources */ = {isa = PBXBuildFile; fileRef = E9B3704F2CC9259C00A6A102 /* LevelAssembly.swift */; };
		E9B370522CC92AB000A6A102 /* LevelListAssembly.swift in Sources */ = {isa = PBXBuildFile; fileRef = E9B370512CC92AB000A6A102 /* LevelListAssembly.swift */; };
		E9B370542CC93E9800A6A102 /* AppContainer.swift in Sources */ = {isa = PBXBuildFile; fileRef = E9B370532CC93E9800A6A102 /* AppContainer.swift */; };
		E9B370572CC9416600A6A102 /* LevelsService.swift in Sources */ = {isa = PBXBuildFile; fileRef = E9B370562CC9416600A6A102 /* LevelsService.swift */; };
		E9B3705A2CC9419400A6A102 /* Level.swift in Sources */ = {isa = PBXBuildFile; fileRef = E9B370592CC9419400A6A102 /* Level.swift */; };
		E9B3705D2CC946E800A6A102 /* Colors.swift in Sources */ = {isa = PBXBuildFile; fileRef = E9B3705C2CC946E800A6A102 /* Colors.swift */; };
		E9B370602CC9474800A6A102 /* Color+.swift in Sources */ = {isa = PBXBuildFile; fileRef = E9B3705F2CC9474800A6A102 /* Color+.swift */; };
		E9B370652CC959B000A6A102 /* NavigationView.swift in Sources */ = {isa = PBXBuildFile; fileRef = E9B370642CC959B000A6A102 /* NavigationView.swift */; };
		E9B370692CC95A3A00A6A102 /* Fonts.swift in Sources */ = {isa = PBXBuildFile; fileRef = E9B370682CC95A3A00A6A102 /* Fonts.swift */; };
		E9B3706A2CC95BC600A6A102 /* LilitaOne.ttf in Resources */ = {isa = PBXBuildFile; fileRef = E9B370672CC95A1200A6A102 /* LilitaOne.ttf */; };
		E9B370702CC963CD00A6A102 /* LevelListItem.swift in Sources */ = {isa = PBXBuildFile; fileRef = E9B3706F2CC963CD00A6A102 /* LevelListItem.swift */; };
/* End PBXBuildFile section */

/* Begin PBXFileReference section */
		E937043B2CD78B520045B93C /* DescriptionConstants.swift */ = {isa = PBXFileReference; lastKnownFileType = sourcecode.swift; path = DescriptionConstants.swift; sourceTree = "<group>"; };
		E93704412CD78C740045B93C /* CText.swift */ = {isa = PBXFileReference; lastKnownFileType = sourcecode.swift; path = CText.swift; sourceTree = "<group>"; };
		E93704432CD7979E0045B93C /* LevelParser.swift */ = {isa = PBXFileReference; lastKnownFileType = sourcecode.swift; path = LevelParser.swift; sourceTree = "<group>"; };
		E93704452CD799A80045B93C /* LevelInternal.swift */ = {isa = PBXFileReference; lastKnownFileType = sourcecode.swift; path = LevelInternal.swift; sourceTree = "<group>"; };
		E940BACE2CDD46FA005581C3 /* Strings.swift */ = {isa = PBXFileReference; lastKnownFileType = sourcecode.swift; path = Strings.swift; sourceTree = "<group>"; };
		E9519DC62CD8CC9E00D98953 /* WatchAdView.swift */ = {isa = PBXFileReference; lastKnownFileType = sourcecode.swift; path = WatchAdView.swift; sourceTree = "<group>"; };
		E9519DC82CD8E26800D98953 /* AppState.swift */ = {isa = PBXFileReference; lastKnownFileType = sourcecode.swift; path = AppState.swift; sourceTree = "<group>"; };
		E9519DCB2CD8E5BE00D98953 /* UserDefaultsService.swift */ = {isa = PBXFileReference; lastKnownFileType = sourcecode.swift; path = UserDefaultsService.swift; sourceTree = "<group>"; };
		E9519DCD2CD8E60B00D98953 /* AppStateService.swift */ = {isa = PBXFileReference; lastKnownFileType = sourcecode.swift; path = AppStateService.swift; sourceTree = "<group>"; };
		E9519DCF2CD91D5100D98953 /* AdsService.swift */ = {isa = PBXFileReference; lastKnownFileType = sourcecode.swift; path = AdsService.swift; sourceTree = "<group>"; };
		E9519DD52CD9302E00D98953 /* BannerView.swift */ = {isa = PBXFileReference; lastKnownFileType = sourcecode.swift; path = BannerView.swift; sourceTree = "<group>"; };
		E98773382CDBBF34003CC065 /* Localizable.xcstrings */ = {isa = PBXFileReference; lastKnownFileType = text.json.xcstrings; path = Localizable.xcstrings; sourceTree = "<group>"; };
		E987733E2CDCF55E003CC065 /* Storyboard.storyboard */ = {isa = PBXFileReference; lastKnownFileType = file.storyboard; path = Storyboard.storyboard; sourceTree = "<group>"; };
		E9AF436F2CD6CDC600705CBE /* Destination.swift */ = {isa = PBXFileReference; lastKnownFileType = sourcecode.swift; path = Destination.swift; sourceTree = "<group>"; };
		E9AF43722CD6CF9D00705CBE /* AppRouter.swift */ = {isa = PBXFileReference; lastKnownFileType = sourcecode.swift; path = AppRouter.swift; sourceTree = "<group>"; };
		E9B3702E2CC90F5B00A6A102 /* Cryptarithm.app */ = {isa = PBXFileReference; explicitFileType = wrapper.application; includeInIndex = 0; path = Cryptarithm.app; sourceTree = BUILT_PRODUCTS_DIR; };
		E9B370312CC90F5B00A6A102 /* CryptarithmApp.swift */ = {isa = PBXFileReference; lastKnownFileType = sourcecode.swift; path = CryptarithmApp.swift; sourceTree = "<group>"; };
		E9B370332CC90F5B00A6A102 /* ContentView.swift */ = {isa = PBXFileReference; lastKnownFileType = sourcecode.swift; path = ContentView.swift; sourceTree = "<group>"; };
		E9B370352CC90F5D00A6A102 /* Assets.xcassets */ = {isa = PBXFileReference; lastKnownFileType = folder.assetcatalog; path = Assets.xcassets; sourceTree = "<group>"; };
		E9B370382CC90F5D00A6A102 /* Preview Assets.xcassets */ = {isa = PBXFileReference; lastKnownFileType = folder.assetcatalog; path = "Preview Assets.xcassets"; sourceTree = "<group>"; };
		E9B3703F2CC91C5100A6A102 /* Info.plist */ = {isa = PBXFileReference; lastKnownFileType = text.plist; path = Info.plist; sourceTree = "<group>"; };
		E9B370432CC91EFD00A6A102 /* LevelListViewModel.swift */ = {isa = PBXFileReference; lastKnownFileType = sourcecode.swift; path = LevelListViewModel.swift; sourceTree = "<group>"; };
		E9B370452CC91F2A00A6A102 /* LevelListView.swift */ = {isa = PBXFileReference; lastKnownFileType = sourcecode.swift; path = LevelListView.swift; sourceTree = "<group>"; };
		E9B3704B2CC9214600A6A102 /* LevelViewModel.swift */ = {isa = PBXFileReference; lastKnownFileType = sourcecode.swift; path = LevelViewModel.swift; sourceTree = "<group>"; };
		E9B3704D2CC9214D00A6A102 /* LevelView.swift */ = {isa = PBXFileReference; lastKnownFileType = sourcecode.swift; path = LevelView.swift; sourceTree = "<group>"; };
		E9B3704F2CC9259C00A6A102 /* LevelAssembly.swift */ = {isa = PBXFileReference; lastKnownFileType = sourcecode.swift; path = LevelAssembly.swift; sourceTree = "<group>"; };
		E9B370512CC92AB000A6A102 /* LevelListAssembly.swift */ = {isa = PBXFileReference; lastKnownFileType = sourcecode.swift; path = LevelListAssembly.swift; sourceTree = "<group>"; };
		E9B370532CC93E9800A6A102 /* AppContainer.swift */ = {isa = PBXFileReference; lastKnownFileType = sourcecode.swift; path = AppContainer.swift; sourceTree = "<group>"; };
		E9B370562CC9416600A6A102 /* LevelsService.swift */ = {isa = PBXFileReference; lastKnownFileType = sourcecode.swift; path = LevelsService.swift; sourceTree = "<group>"; };
		E9B370592CC9419400A6A102 /* Level.swift */ = {isa = PBXFileReference; lastKnownFileType = sourcecode.swift; path = Level.swift; sourceTree = "<group>"; };
		E9B3705C2CC946E800A6A102 /* Colors.swift */ = {isa = PBXFileReference; lastKnownFileType = sourcecode.swift; path = Colors.swift; sourceTree = "<group>"; };
		E9B3705F2CC9474800A6A102 /* Color+.swift */ = {isa = PBXFileReference; lastKnownFileType = sourcecode.swift; path = "Color+.swift"; sourceTree = "<group>"; };
		E9B370642CC959B000A6A102 /* NavigationView.swift */ = {isa = PBXFileReference; lastKnownFileType = sourcecode.swift; path = NavigationView.swift; sourceTree = "<group>"; };
		E9B370672CC95A1200A6A102 /* LilitaOne.ttf */ = {isa = PBXFileReference; lastKnownFileType = file; path = LilitaOne.ttf; sourceTree = "<group>"; };
		E9B370682CC95A3A00A6A102 /* Fonts.swift */ = {isa = PBXFileReference; lastKnownFileType = sourcecode.swift; path = Fonts.swift; sourceTree = "<group>"; };
		E9B3706F2CC963CD00A6A102 /* LevelListItem.swift */ = {isa = PBXFileReference; lastKnownFileType = sourcecode.swift; path = LevelListItem.swift; sourceTree = "<group>"; };
/* End PBXFileReference section */

/* Begin PBXFrameworksBuildPhase section */
		E9B3702B2CC90F5B00A6A102 /* Frameworks */ = {
			isa = PBXFrameworksBuildPhase;
			buildActionMask = 2147483647;
			files = (
				E9519DD32CD91F3C00D98953 /* GoogleMobileAds in Frameworks */,
			);
			runOnlyForDeploymentPostprocessing = 0;
		};
/* End PBXFrameworksBuildPhase section */

/* Begin PBXGroup section */
		E937043A2CD78B420045B93C /* Constatns */ = {
			isa = PBXGroup;
			children = (
				E937043B2CD78B520045B93C /* DescriptionConstants.swift */,
			);
			path = Constatns;
			sourceTree = "<group>";
		};
		E9519DCA2CD8E5AE00D98953 /* Storage */ = {
			isa = PBXGroup;
			children = (
				E9519DCB2CD8E5BE00D98953 /* UserDefaultsService.swift */,
				E9519DCD2CD8E60B00D98953 /* AppStateService.swift */,
			);
			path = Storage;
			sourceTree = "<group>";
		};
		E9519DD42CD9302200D98953 /* Ads */ = {
			isa = PBXGroup;
			children = (
				E9519DCF2CD91D5100D98953 /* AdsService.swift */,
				E9519DD52CD9302E00D98953 /* BannerView.swift */,
			);
			path = Ads;
			sourceTree = "<group>";
		};
		E98773372CDBBF18003CC065 /* Strings */ = {
			isa = PBXGroup;
			children = (
				E98773382CDBBF34003CC065 /* Localizable.xcstrings */,
				E940BACE2CDD46FA005581C3 /* Strings.swift */,
			);
			path = Strings;
			sourceTree = "<group>";
		};
		E9AF43712CD6CF8B00705CBE /* Router */ = {
			isa = PBXGroup;
			children = (
				E9AF436F2CD6CDC600705CBE /* Destination.swift */,
				E9AF43722CD6CF9D00705CBE /* AppRouter.swift */,
			);
			path = Router;
			sourceTree = "<group>";
		};
		E9B370252CC90F5B00A6A102 = {
			isa = PBXGroup;
			children = (
				E9B370302CC90F5B00A6A102 /* Cryptarithm */,
				E9B3702F2CC90F5B00A6A102 /* Products */,
			);
			sourceTree = "<group>";
		};
		E9B3702F2CC90F5B00A6A102 /* Products */ = {
			isa = PBXGroup;
			children = (
				E9B3702E2CC90F5B00A6A102 /* Cryptarithm.app */,
			);
			name = Products;
			sourceTree = "<group>";
		};
		E9B370302CC90F5B00A6A102 /* Cryptarithm */ = {
			isa = PBXGroup;
			children = (
				E98773372CDBBF18003CC065 /* Strings */,
				E9B370472CC91FB000A6A102 /* DI */,
				E937043A2CD78B420045B93C /* Constatns */,
				E9AF43712CD6CF8B00705CBE /* Router */,
				E9B370662CC959EB00A6A102 /* Fonts */,
				E9B3705E2CC9473E00A6A102 /* Extensions */,
				E9B3705B2CC946DF00A6A102 /* Helpers */,
				E9B370582CC9418B00A6A102 /* Models */,
				E9B370552CC9410D00A6A102 /* Services */,
				E9B370412CC91EE300A6A102 /* Screens */,
				E9B370632CC959A000A6A102 /* Views */,
				E9B3703F2CC91C5100A6A102 /* Info.plist */,
				E9B370312CC90F5B00A6A102 /* CryptarithmApp.swift */,
				E9B370332CC90F5B00A6A102 /* ContentView.swift */,
				E9B370352CC90F5D00A6A102 /* Assets.xcassets */,
				E9B370372CC90F5D00A6A102 /* Preview Content */,
			);
			path = Cryptarithm;
			sourceTree = "<group>";
		};
		E9B370372CC90F5D00A6A102 /* Preview Content */ = {
			isa = PBXGroup;
			children = (
				E9B370382CC90F5D00A6A102 /* Preview Assets.xcassets */,
			);
			path = "Preview Content";
			sourceTree = "<group>";
		};
		E9B370412CC91EE300A6A102 /* Screens */ = {
			isa = PBXGroup;
			children = (
				E9B3704A2CC9213600A6A102 /* Level */,
				E9B370422CC91EF000A6A102 /* LevelsList */,
			);
			path = Screens;
			sourceTree = "<group>";
		};
		E9B370422CC91EF000A6A102 /* LevelsList */ = {
			isa = PBXGroup;
			children = (
				E9B370512CC92AB000A6A102 /* LevelListAssembly.swift */,
				E9B370432CC91EFD00A6A102 /* LevelListViewModel.swift */,
				E9B370452CC91F2A00A6A102 /* LevelListView.swift */,
			);
			path = LevelsList;
			sourceTree = "<group>";
		};
		E9B370472CC91FB000A6A102 /* DI */ = {
			isa = PBXGroup;
			children = (
				E9B370532CC93E9800A6A102 /* AppContainer.swift */,
			);
			path = DI;
			sourceTree = "<group>";
		};
		E9B3704A2CC9213600A6A102 /* Level */ = {
			isa = PBXGroup;
			children = (
				E9B3704F2CC9259C00A6A102 /* LevelAssembly.swift */,
				E9B3704B2CC9214600A6A102 /* LevelViewModel.swift */,
				E9B3704D2CC9214D00A6A102 /* LevelView.swift */,
			);
			path = Level;
			sourceTree = "<group>";
		};
		E9B370552CC9410D00A6A102 /* Services */ = {
			isa = PBXGroup;
			children = (
				E9519DD42CD9302200D98953 /* Ads */,
				E9519DCA2CD8E5AE00D98953 /* Storage */,
				E9B370562CC9416600A6A102 /* LevelsService.swift */,
				E93704432CD7979E0045B93C /* LevelParser.swift */,
			);
			path = Services;
			sourceTree = "<group>";
		};
		E9B370582CC9418B00A6A102 /* Models */ = {
			isa = PBXGroup;
			children = (
				E9B370592CC9419400A6A102 /* Level.swift */,
				E93704452CD799A80045B93C /* LevelInternal.swift */,
				E9519DC82CD8E26800D98953 /* AppState.swift */,
			);
			path = Models;
			sourceTree = "<group>";
		};
		E9B3705B2CC946DF00A6A102 /* Helpers */ = {
			isa = PBXGroup;
			children = (
				E9B3705C2CC946E800A6A102 /* Colors.swift */,
				E9B370682CC95A3A00A6A102 /* Fonts.swift */,
			);
			path = Helpers;
			sourceTree = "<group>";
		};
		E9B3705E2CC9473E00A6A102 /* Extensions */ = {
			isa = PBXGroup;
			children = (
				E9B3705F2CC9474800A6A102 /* Color+.swift */,
			);
			path = Extensions;
			sourceTree = "<group>";
		};
		E9B370632CC959A000A6A102 /* Views */ = {
			isa = PBXGroup;
			children = (
				E9B370642CC959B000A6A102 /* NavigationView.swift */,
				E9B3706F2CC963CD00A6A102 /* LevelListItem.swift */,
				E93704412CD78C740045B93C /* CText.swift */,
				E9519DC62CD8CC9E00D98953 /* WatchAdView.swift */,
				E987733E2CDCF55E003CC065 /* Storyboard.storyboard */,
			);
			path = Views;
			sourceTree = "<group>";
		};
		E9B370662CC959EB00A6A102 /* Fonts */ = {
			isa = PBXGroup;
			children = (
				E9B370672CC95A1200A6A102 /* LilitaOne.ttf */,
			);
			path = Fonts;
			sourceTree = "<group>";
		};
/* End PBXGroup section */

/* Begin PBXNativeTarget section */
		E9B3702D2CC90F5B00A6A102 /* Cryptarithm */ = {
			isa = PBXNativeTarget;
			buildConfigurationList = E9B3703C2CC90F5D00A6A102 /* Build configuration list for PBXNativeTarget "Cryptarithm" */;
			buildPhases = (
				E9B3702A2CC90F5B00A6A102 /* Sources */,
				E9B3702B2CC90F5B00A6A102 /* Frameworks */,
				E9B3702C2CC90F5B00A6A102 /* Resources */,
			);
			buildRules = (
			);
			dependencies = (
			);
			name = Cryptarithm;
			packageProductDependencies = (
				E9519DD22CD91F3C00D98953 /* GoogleMobileAds */,
			);
			productName = Cryptarithm;
			productReference = E9B3702E2CC90F5B00A6A102 /* Cryptarithm.app */;
			productType = "com.apple.product-type.application";
		};
/* End PBXNativeTarget section */

/* Begin PBXProject section */
		E9B370262CC90F5B00A6A102 /* Project object */ = {
			isa = PBXProject;
			attributes = {
				BuildIndependentTargetsInParallel = 1;
				LastSwiftUpdateCheck = 1530;
				LastUpgradeCheck = 1530;
				TargetAttributes = {
					E9B3702D2CC90F5B00A6A102 = {
						CreatedOnToolsVersion = 15.3;
					};
				};
			};
			buildConfigurationList = E9B370292CC90F5B00A6A102 /* Build configuration list for PBXProject "Cryptarithm" */;
			compatibilityVersion = "Xcode 14.0";
			developmentRegion = en;
			hasScannedForEncodings = 0;
			knownRegions = (
				en,
				ru,
				"de-DE",
				ar,
				el,
				"es-ES",
				fr,
				hi,
				it,
				ja,
				ko,
				li,
				nb,
				pl,
				"pt-PT",
				sv,
				uk,
				"zh-Hans",
				Base,
			);
			mainGroup = E9B370252CC90F5B00A6A102;
			packageReferences = (
				E9519DD12CD91F3C00D98953 /* XCRemoteSwiftPackageReference "swift-package-manager-google-mobile-ads" */,
			);
			productRefGroup = E9B3702F2CC90F5B00A6A102 /* Products */;
			projectDirPath = "";
			projectRoot = "";
			targets = (
				E9B3702D2CC90F5B00A6A102 /* Cryptarithm */,
			);
		};
/* End PBXProject section */

/* Begin PBXResourcesBuildPhase section */
		E9B3702C2CC90F5B00A6A102 /* Resources */ = {
			isa = PBXResourcesBuildPhase;
			buildActionMask = 2147483647;
			files = (
				E9B3706A2CC95BC600A6A102 /* LilitaOne.ttf in Resources */,
				E9B370392CC90F5D00A6A102 /* Preview Assets.xcassets in Resources */,
				E98773392CDBBF34003CC065 /* Localizable.xcstrings in Resources */,
				E9B370362CC90F5D00A6A102 /* Assets.xcassets in Resources */,
				E987733F2CDCF55E003CC065 /* Storyboard.storyboard in Resources */,
			);
			runOnlyForDeploymentPostprocessing = 0;
		};
/* End PBXResourcesBuildPhase section */

/* Begin PBXSourcesBuildPhase section */
		E9B3702A2CC90F5B00A6A102 /* Sources */ = {
			isa = PBXSourcesBuildPhase;
			buildActionMask = 2147483647;
			files = (
				E9519DD62CD9302E00D98953 /* BannerView.swift in Sources */,
				E9B370652CC959B000A6A102 /* NavigationView.swift in Sources */,
				E9B370692CC95A3A00A6A102 /* Fonts.swift in Sources */,
				E93704422CD78C740045B93C /* CText.swift in Sources */,
				E9519DCE2CD8E60B00D98953 /* AppStateService.swift in Sources */,
				E9519DC92CD8E26800D98953 /* AppState.swift in Sources */,
				E9519DC72CD8CC9E00D98953 /* WatchAdView.swift in Sources */,
				E9B370522CC92AB000A6A102 /* LevelListAssembly.swift in Sources */,
				E937043C2CD78B520045B93C /* DescriptionConstants.swift in Sources */,
				E9519DD02CD91D5200D98953 /* AdsService.swift in Sources */,
				E9519DCC2CD8E5BE00D98953 /* UserDefaultsService.swift in Sources */,
				E9B3705A2CC9419400A6A102 /* Level.swift in Sources */,
				E9AF43702CD6CDC600705CBE /* Destination.swift in Sources */,
				E9B3704E2CC9214D00A6A102 /* LevelView.swift in Sources */,
				E9B370542CC93E9800A6A102 /* AppContainer.swift in Sources */,
				E93704462CD799A80045B93C /* LevelInternal.swift in Sources */,
				E9B370342CC90F5B00A6A102 /* ContentView.swift in Sources */,
				E9B3705D2CC946E800A6A102 /* Colors.swift in Sources */,
				E9B370462CC91F2A00A6A102 /* LevelListView.swift in Sources */,
				E9B3704C2CC9214600A6A102 /* LevelViewModel.swift in Sources */,
				E9B370572CC9416600A6A102 /* LevelsService.swift in Sources */,
				E9B370322CC90F5B00A6A102 /* CryptarithmApp.swift in Sources */,
				E940BACF2CDD46FA005581C3 /* Strings.swift in Sources */,
				E9B370702CC963CD00A6A102 /* LevelListItem.swift in Sources */,
				E9AF43732CD6CF9D00705CBE /* AppRouter.swift in Sources */,
				E93704442CD7979E0045B93C /* LevelParser.swift in Sources */,
				E9B370602CC9474800A6A102 /* Color+.swift in Sources */,
				E9B370502CC9259C00A6A102 /* LevelAssembly.swift in Sources */,
				E9B370442CC91EFD00A6A102 /* LevelListViewModel.swift in Sources */,
			);
			runOnlyForDeploymentPostprocessing = 0;
		};
/* End PBXSourcesBuildPhase section */

/* Begin XCBuildConfiguration section */
		E9B3703A2CC90F5D00A6A102 /* Debug */ = {
			isa = XCBuildConfiguration;
			buildSettings = {
				ALWAYS_SEARCH_USER_PATHS = NO;
				ASSETCATALOG_COMPILER_GENERATE_SWIFT_ASSET_SYMBOL_EXTENSIONS = YES;
				CLANG_ANALYZER_NONNULL = YES;
				CLANG_ANALYZER_NUMBER_OBJECT_CONVERSION = YES_AGGRESSIVE;
				CLANG_CXX_LANGUAGE_STANDARD = "gnu++20";
				CLANG_ENABLE_MODULES = YES;
				CLANG_ENABLE_OBJC_ARC = YES;
				CLANG_ENABLE_OBJC_WEAK = YES;
				CLANG_WARN_BLOCK_CAPTURE_AUTORELEASING = YES;
				CLANG_WARN_BOOL_CONVERSION = YES;
				CLANG_WARN_COMMA = YES;
				CLANG_WARN_CONSTANT_CONVERSION = YES;
				CLANG_WARN_DEPRECATED_OBJC_IMPLEMENTATIONS = YES;
				CLANG_WARN_DIRECT_OBJC_ISA_USAGE = YES_ERROR;
				CLANG_WARN_DOCUMENTATION_COMMENTS = YES;
				CLANG_WARN_EMPTY_BODY = YES;
				CLANG_WARN_ENUM_CONVERSION = YES;
				CLANG_WARN_INFINITE_RECURSION = YES;
				CLANG_WARN_INT_CONVERSION = YES;
				CLANG_WARN_NON_LITERAL_NULL_CONVERSION = YES;
				CLANG_WARN_OBJC_IMPLICIT_RETAIN_SELF = YES;
				CLANG_WARN_OBJC_LITERAL_CONVERSION = YES;
				CLANG_WARN_OBJC_ROOT_CLASS = YES_ERROR;
				CLANG_WARN_QUOTED_INCLUDE_IN_FRAMEWORK_HEADER = YES;
				CLANG_WARN_RANGE_LOOP_ANALYSIS = YES;
				CLANG_WARN_STRICT_PROTOTYPES = YES;
				CLANG_WARN_SUSPICIOUS_MOVE = YES;
				CLANG_WARN_UNGUARDED_AVAILABILITY = YES_AGGRESSIVE;
				CLANG_WARN_UNREACHABLE_CODE = YES;
				CLANG_WARN__DUPLICATE_METHOD_MATCH = YES;
				COPY_PHASE_STRIP = NO;
				DEBUG_INFORMATION_FORMAT = dwarf;
				ENABLE_STRICT_OBJC_MSGSEND = YES;
				ENABLE_TESTABILITY = YES;
				ENABLE_USER_SCRIPT_SANDBOXING = YES;
				GCC_C_LANGUAGE_STANDARD = gnu17;
				GCC_DYNAMIC_NO_PIC = NO;
				GCC_NO_COMMON_BLOCKS = YES;
				GCC_OPTIMIZATION_LEVEL = 0;
				GCC_PREPROCESSOR_DEFINITIONS = (
					"DEBUG=1",
					"$(inherited)",
				);
				GCC_WARN_64_TO_32_BIT_CONVERSION = YES;
				GCC_WARN_ABOUT_RETURN_TYPE = YES_ERROR;
				GCC_WARN_UNDECLARED_SELECTOR = YES;
				GCC_WARN_UNINITIALIZED_AUTOS = YES_AGGRESSIVE;
				GCC_WARN_UNUSED_FUNCTION = YES;
				GCC_WARN_UNUSED_VARIABLE = YES;
				IPHONEOS_DEPLOYMENT_TARGET = 17.4;
				LOCALIZATION_PREFERS_STRING_CATALOGS = YES;
				MTL_ENABLE_DEBUG_INFO = INCLUDE_SOURCE;
				MTL_FAST_MATH = YES;
				ONLY_ACTIVE_ARCH = YES;
				SDKROOT = iphoneos;
				SWIFT_ACTIVE_COMPILATION_CONDITIONS = "DEBUG $(inherited)";
				SWIFT_OPTIMIZATION_LEVEL = "-Onone";
			};
			name = Debug;
		};
		E9B3703B2CC90F5D00A6A102 /* Release */ = {
			isa = XCBuildConfiguration;
			buildSettings = {
				ALWAYS_SEARCH_USER_PATHS = NO;
				ASSETCATALOG_COMPILER_GENERATE_SWIFT_ASSET_SYMBOL_EXTENSIONS = YES;
				CLANG_ANALYZER_NONNULL = YES;
				CLANG_ANALYZER_NUMBER_OBJECT_CONVERSION = YES_AGGRESSIVE;
				CLANG_CXX_LANGUAGE_STANDARD = "gnu++20";
				CLANG_ENABLE_MODULES = YES;
				CLANG_ENABLE_OBJC_ARC = YES;
				CLANG_ENABLE_OBJC_WEAK = YES;
				CLANG_WARN_BLOCK_CAPTURE_AUTORELEASING = YES;
				CLANG_WARN_BOOL_CONVERSION = YES;
				CLANG_WARN_COMMA = YES;
				CLANG_WARN_CONSTANT_CONVERSION = YES;
				CLANG_WARN_DEPRECATED_OBJC_IMPLEMENTATIONS = YES;
				CLANG_WARN_DIRECT_OBJC_ISA_USAGE = YES_ERROR;
				CLANG_WARN_DOCUMENTATION_COMMENTS = YES;
				CLANG_WARN_EMPTY_BODY = YES;
				CLANG_WARN_ENUM_CONVERSION = YES;
				CLANG_WARN_INFINITE_RECURSION = YES;
				CLANG_WARN_INT_CONVERSION = YES;
				CLANG_WARN_NON_LITERAL_NULL_CONVERSION = YES;
				CLANG_WARN_OBJC_IMPLICIT_RETAIN_SELF = YES;
				CLANG_WARN_OBJC_LITERAL_CONVERSION = YES;
				CLANG_WARN_OBJC_ROOT_CLASS = YES_ERROR;
				CLANG_WARN_QUOTED_INCLUDE_IN_FRAMEWORK_HEADER = YES;
				CLANG_WARN_RANGE_LOOP_ANALYSIS = YES;
				CLANG_WARN_STRICT_PROTOTYPES = YES;
				CLANG_WARN_SUSPICIOUS_MOVE = YES;
				CLANG_WARN_UNGUARDED_AVAILABILITY = YES_AGGRESSIVE;
				CLANG_WARN_UNREACHABLE_CODE = YES;
				CLANG_WARN__DUPLICATE_METHOD_MATCH = YES;
				COPY_PHASE_STRIP = NO;
				DEBUG_INFORMATION_FORMAT = "dwarf-with-dsym";
				ENABLE_NS_ASSERTIONS = NO;
				ENABLE_STRICT_OBJC_MSGSEND = YES;
				ENABLE_USER_SCRIPT_SANDBOXING = YES;
				GCC_C_LANGUAGE_STANDARD = gnu17;
				GCC_NO_COMMON_BLOCKS = YES;
				GCC_WARN_64_TO_32_BIT_CONVERSION = YES;
				GCC_WARN_ABOUT_RETURN_TYPE = YES_ERROR;
				GCC_WARN_UNDECLARED_SELECTOR = YES;
				GCC_WARN_UNINITIALIZED_AUTOS = YES_AGGRESSIVE;
				GCC_WARN_UNUSED_FUNCTION = YES;
				GCC_WARN_UNUSED_VARIABLE = YES;
				IPHONEOS_DEPLOYMENT_TARGET = 17.4;
				LOCALIZATION_PREFERS_STRING_CATALOGS = YES;
				MTL_ENABLE_DEBUG_INFO = NO;
				MTL_FAST_MATH = YES;
				SDKROOT = iphoneos;
				SWIFT_COMPILATION_MODE = wholemodule;
				VALIDATE_PRODUCT = YES;
			};
			name = Release;
		};
		E9B3703D2CC90F5D00A6A102 /* Debug */ = {
			isa = XCBuildConfiguration;
			buildSettings = {
				ASSETCATALOG_COMPILER_APPICON_NAME = AppIcon;
				ASSETCATALOG_COMPILER_GLOBAL_ACCENT_COLOR_NAME = AccentColor;
				CODE_SIGN_STYLE = Automatic;
				CURRENT_PROJECT_VERSION = 1;
				DEVELOPMENT_ASSET_PATHS = "\"Cryptarithm/Preview Content\"";
				DEVELOPMENT_TEAM = F99562M48D;
				ENABLE_PREVIEWS = YES;
				GENERATE_INFOPLIST_FILE = YES;
				INFOPLIST_FILE = Cryptarithm/Info.plist;
				INFOPLIST_KEY_UIApplicationSceneManifest_Generation = YES;
				INFOPLIST_KEY_UIApplicationSupportsIndirectInputEvents = YES;
				INFOPLIST_KEY_UISupportedInterfaceOrientations_iPad = "UIInterfaceOrientationPortrait UIInterfaceOrientationPortraitUpsideDown UIInterfaceOrientationLandscapeLeft UIInterfaceOrientationLandscapeRight";
				INFOPLIST_KEY_UISupportedInterfaceOrientations_iPhone = "UIInterfaceOrientationPortrait UIInterfaceOrientationLandscapeLeft UIInterfaceOrientationLandscapeRight";
				IPHONEOS_DEPLOYMENT_TARGET = 16.0;
				LD_RUNPATH_SEARCH_PATHS = (
					"$(inherited)",
					"@executable_path/Frameworks",
				);
				MARKETING_VERSION = 1.0;
				PRODUCT_BUNDLE_IDENTIFIER = ios.cryptarithm.com;
				PRODUCT_NAME = "$(TARGET_NAME)";
				SUPPORTED_PLATFORMS = "iphoneos iphonesimulator";
				SUPPORTS_MACCATALYST = NO;
				SUPPORTS_MAC_DESIGNED_FOR_IPHONE_IPAD = NO;
				SUPPORTS_XR_DESIGNED_FOR_IPHONE_IPAD = NO;
				SWIFT_EMIT_LOC_STRINGS = YES;
				SWIFT_VERSION = 5.0;
				TARGETED_DEVICE_FAMILY = 1;
			};
			name = Debug;
		};
		E9B3703E2CC90F5D00A6A102 /* Release */ = {
			isa = XCBuildConfiguration;
			buildSettings = {
				ASSETCATALOG_COMPILER_APPICON_NAME = AppIcon;
				ASSETCATALOG_COMPILER_GLOBAL_ACCENT_COLOR_NAME = AccentColor;
				CODE_SIGN_STYLE = Automatic;
				CURRENT_PROJECT_VERSION = 1;
				DEVELOPMENT_ASSET_PATHS = "\"Cryptarithm/Preview Content\"";
				DEVELOPMENT_TEAM = F99562M48D;
				ENABLE_PREVIEWS = YES;
				GENERATE_INFOPLIST_FILE = YES;
				INFOPLIST_FILE = Cryptarithm/Info.plist;
				INFOPLIST_KEY_UIApplicationSceneManifest_Generation = YES;
				INFOPLIST_KEY_UIApplicationSupportsIndirectInputEvents = YES;
				INFOPLIST_KEY_UISupportedInterfaceOrientations_iPad = "UIInterfaceOrientationPortrait UIInterfaceOrientationPortraitUpsideDown UIInterfaceOrientationLandscapeLeft UIInterfaceOrientationLandscapeRight";
				INFOPLIST_KEY_UISupportedInterfaceOrientations_iPhone = "UIInterfaceOrientationPortrait UIInterfaceOrientationLandscapeLeft UIInterfaceOrientationLandscapeRight";
				IPHONEOS_DEPLOYMENT_TARGET = 16.0;
				LD_RUNPATH_SEARCH_PATHS = (
					"$(inherited)",
					"@executable_path/Frameworks",
				);
				MARKETING_VERSION = 1.0;
				PRODUCT_BUNDLE_IDENTIFIER = ios.cryptarithm.com;
				PRODUCT_NAME = "$(TARGET_NAME)";
				SUPPORTED_PLATFORMS = "iphoneos iphonesimulator";
				SUPPORTS_MACCATALYST = NO;
				SUPPORTS_MAC_DESIGNED_FOR_IPHONE_IPAD = NO;
				SUPPORTS_XR_DESIGNED_FOR_IPHONE_IPAD = NO;
				SWIFT_EMIT_LOC_STRINGS = YES;
				SWIFT_VERSION = 5.0;
				TARGETED_DEVICE_FAMILY = 1;
			};
			name = Release;
		};
/* End XCBuildConfiguration section */

/* Begin XCConfigurationList section */
		E9B370292CC90F5B00A6A102 /* Build configuration list for PBXProject "Cryptarithm" */ = {
			isa = XCConfigurationList;
			buildConfigurations = (
				E9B3703A2CC90F5D00A6A102 /* Debug */,
				E9B3703B2CC90F5D00A6A102 /* Release */,
			);
			defaultConfigurationIsVisible = 0;
			defaultConfigurationName = Release;
		};
		E9B3703C2CC90F5D00A6A102 /* Build configuration list for PBXNativeTarget "Cryptarithm" */ = {
			isa = XCConfigurationList;
			buildConfigurations = (
				E9B3703D2CC90F5D00A6A102 /* Debug */,
				E9B3703E2CC90F5D00A6A102 /* Release */,
			);
			defaultConfigurationIsVisible = 0;
			defaultConfigurationName = Release;
		};
/* End XCConfigurationList section */

/* Begin XCRemoteSwiftPackageReference section */
		E9519DD12CD91F3C00D98953 /* XCRemoteSwiftPackageReference "swift-package-manager-google-mobile-ads" */ = {
			isa = XCRemoteSwiftPackageReference;
			repositoryURL = "https://github.com/googleads/swift-package-manager-google-mobile-ads.git";
			requirement = {
				kind = upToNextMajorVersion;
				minimumVersion = 11.11.0;
			};
		};
/* End XCRemoteSwiftPackageReference section */

/* Begin XCSwiftPackageProductDependency section */
		E9519DD22CD91F3C00D98953 /* GoogleMobileAds */ = {
			isa = XCSwiftPackageProductDependency;
			package = E9519DD12CD91F3C00D98953 /* XCRemoteSwiftPackageReference "swift-package-manager-google-mobile-ads" */;
			productName = GoogleMobileAds;
		};
/* End XCSwiftPackageProductDependency section */
	};
	rootObject = E9B370262CC90F5B00A6A102 /* Project object */;
}
