// !$*UTF8*$!
{
	archiveVersion = 1;
	classes = {
	};
	objectVersion = 56;
	objects = {

/* Begin PBXBuildFile section */
		E9531DF62CEB9B6F007DB602 /* AppDelegate.swift in Sources */ = {isa = PBXBuildFile; fileRef = E9531DF52CEB9B6F007DB602 /* AppDelegate.swift */; };
		E9531E022CEB9B70007DB602 /* Base in Resources */ = {isa = PBXBuildFile; fileRef = E9531E012CEB9B70007DB602 /* Base */; };
		E9531E172CEB9E4E007DB602 /* LaunchAssembly.swift in Sources */ = {isa = PBXBuildFile; fileRef = E9531E0B2CEB9E4E007DB602 /* LaunchAssembly.swift */; };
		E9531E182CEB9E4E007DB602 /* LaunchView.swift in Sources */ = {isa = PBXBuildFile; fileRef = E9531E0C2CEB9E4E007DB602 /* LaunchView.swift */; };
		E9531E192CEB9E4E007DB602 /* LaunchViewModel.swift in Sources */ = {isa = PBXBuildFile; fileRef = E9531E0D2CEB9E4E007DB602 /* LaunchViewModel.swift */; };
		E9531E1A2CEB9E4E007DB602 /* LevelListAssembly.swift in Sources */ = {isa = PBXBuildFile; fileRef = E9531E0F2CEB9E4E007DB602 /* LevelListAssembly.swift */; };
		E9531E1B2CEB9E4E007DB602 /* LevelListView.swift in Sources */ = {isa = PBXBuildFile; fileRef = E9531E102CEB9E4E007DB602 /* LevelListView.swift */; };
		E9531E1C2CEB9E4E007DB602 /* LevelListViewModel.swift in Sources */ = {isa = PBXBuildFile; fileRef = E9531E112CEB9E4E007DB602 /* LevelListViewModel.swift */; };
		E9531E1D2CEB9E4E007DB602 /* LevelAssembly.swift in Sources */ = {isa = PBXBuildFile; fileRef = E9531E132CEB9E4E007DB602 /* LevelAssembly.swift */; };
		E9531E1E2CEB9E4E007DB602 /* LevelView.swift in Sources */ = {isa = PBXBuildFile; fileRef = E9531E142CEB9E4E007DB602 /* LevelView.swift */; };
		E9531E1F2CEB9E4E007DB602 /* LevelViewModel.swift in Sources */ = {isa = PBXBuildFile; fileRef = E9531E152CEB9E4E007DB602 /* LevelViewModel.swift */; };
		E9531E252CEB9E6F007DB602 /* NavigationView.swift in Sources */ = {isa = PBXBuildFile; fileRef = E9531E212CEB9E6F007DB602 /* NavigationView.swift */; };
		E9531E262CEB9E6F007DB602 /* LevelListItem.swift in Sources */ = {isa = PBXBuildFile; fileRef = E9531E222CEB9E6F007DB602 /* LevelListItem.swift */; };
		E9531E282CEB9E6F007DB602 /* CText.swift in Sources */ = {isa = PBXBuildFile; fileRef = E9531E242CEB9E6F007DB602 /* CText.swift */; };
		E9531E302CEB9EA0007DB602 /* Questions.swift in Sources */ = {isa = PBXBuildFile; fileRef = E9531E2B2CEB9E9F007DB602 /* Questions.swift */; };
		E9531E312CEB9EA0007DB602 /* AppState.swift in Sources */ = {isa = PBXBuildFile; fileRef = E9531E2C2CEB9E9F007DB602 /* AppState.swift */; };
		E9531E322CEB9EA0007DB602 /* LevelListItemData.swift in Sources */ = {isa = PBXBuildFile; fileRef = E9531E2D2CEB9EA0007DB602 /* LevelListItemData.swift */; };
		E9531E332CEB9EA0007DB602 /* Level.swift in Sources */ = {isa = PBXBuildFile; fileRef = E9531E2F2CEB9EA0007DB602 /* Level.swift */; };
		E9531E362CEB9EBD007DB602 /* Strings.swift in Sources */ = {isa = PBXBuildFile; fileRef = E9531E342CEB9EBD007DB602 /* Strings.swift */; };
		E9531E372CEB9EBD007DB602 /* Localizable.xcstrings in Resources */ = {isa = PBXBuildFile; fileRef = E9531E352CEB9EBD007DB602 /* Localizable.xcstrings */; };
		E9531E3D2CEB9ED3007DB602 /* Container.swift in Sources */ = {isa = PBXBuildFile; fileRef = E9531E382CEB9ED3007DB602 /* Container.swift */; };
		E9531E3E2CEB9ED3007DB602 /* LevelsListContainer.swift in Sources */ = {isa = PBXBuildFile; fileRef = E9531E392CEB9ED3007DB602 /* LevelsListContainer.swift */; };
		E9531E3F2CEB9ED3007DB602 /* RootContainer.swift in Sources */ = {isa = PBXBuildFile; fileRef = E9531E3A2CEB9ED3007DB602 /* RootContainer.swift */; };
		E9531E482CEB9EFF007DB602 /* Color+.swift in Sources */ = {isa = PBXBuildFile; fileRef = E9531E412CEB9EFF007DB602 /* Color+.swift */; };
		E9531E4A2CEB9EFF007DB602 /* Colors.swift in Sources */ = {isa = PBXBuildFile; fileRef = E9531E452CEB9EFF007DB602 /* Colors.swift */; };
		E9531E4B2CEB9EFF007DB602 /* Fonts.swift in Sources */ = {isa = PBXBuildFile; fileRef = E9531E462CEB9EFF007DB602 /* Fonts.swift */; };
		E9531E4D2CEB9F19007DB602 /* Assets.xcassets in Resources */ = {isa = PBXBuildFile; fileRef = E9531E4C2CEB9F19007DB602 /* Assets.xcassets */; };
		E9531E572CEB9F46007DB602 /* AdsService.swift in Sources */ = {isa = PBXBuildFile; fileRef = E9531E4E2CEB9F45007DB602 /* AdsService.swift */; };
		E9531E582CEB9F46007DB602 /* BannerView.swift in Sources */ = {isa = PBXBuildFile; fileRef = E9531E4F2CEB9F45007DB602 /* BannerView.swift */; };
		E9531E592CEB9F46007DB602 /* AppStateService.swift in Sources */ = {isa = PBXBuildFile; fileRef = E9531E512CEB9F45007DB602 /* AppStateService.swift */; };
		E9531E5A2CEB9F46007DB602 /* UserDefaultsService.swift in Sources */ = {isa = PBXBuildFile; fileRef = E9531E522CEB9F45007DB602 /* UserDefaultsService.swift */; };
		E9531E5B2CEB9F46007DB602 /* LevelParser.swift in Sources */ = {isa = PBXBuildFile; fileRef = E9531E542CEB9F45007DB602 /* LevelParser.swift */; };
		E9531E5C2CEB9F46007DB602 /* LevelsService.swift in Sources */ = {isa = PBXBuildFile; fileRef = E9531E552CEB9F45007DB602 /* LevelsService.swift */; };
		E9531E5F2CEB9FF7007DB602 /* GoogleMobileAds in Frameworks */ = {isa = PBXBuildFile; productRef = E9531E5E2CEB9FF7007DB602 /* GoogleMobileAds */; };
		E9531E632CECBED1007DB602 /* Coordinator.swift in Sources */ = {isa = PBXBuildFile; fileRef = E9531E622CECBED1007DB602 /* Coordinator.swift */; };
		E9531E662CECC878007DB602 /* ApplicationCoordinator.swift in Sources */ = {isa = PBXBuildFile; fileRef = E9531E652CECC878007DB602 /* ApplicationCoordinator.swift */; };
		E9531E682CECD364007DB602 /* LaunchCoordinator.swift in Sources */ = {isa = PBXBuildFile; fileRef = E9531E672CECD364007DB602 /* LaunchCoordinator.swift */; };
		E9531E6A2CECD3A8007DB602 /* LevelsCoordinator.swift in Sources */ = {isa = PBXBuildFile; fileRef = E9531E692CECD3A8007DB602 /* LevelsCoordinator.swift */; };
		E9531E6E2CEE030D007DB602 /* AppRouter.swift in Sources */ = {isa = PBXBuildFile; fileRef = E9531E6D2CEE030D007DB602 /* AppRouter.swift */; };
		E9531E702CEE2AA0007DB602 /* LevelContainer.swift in Sources */ = {isa = PBXBuildFile; fileRef = E9531E6F2CEE2AA0007DB602 /* LevelContainer.swift */; };
		E9531E742CEE37CD007DB602 /* WatchAdAssembly.swift in Sources */ = {isa = PBXBuildFile; fileRef = E9531E732CEE37CD007DB602 /* WatchAdAssembly.swift */; };
		E9531E762CEE37EB007DB602 /* WatchAdViewModel.swift in Sources */ = {isa = PBXBuildFile; fileRef = E9531E752CEE37EB007DB602 /* WatchAdViewModel.swift */; };
		E9531E782CEE3800007DB602 /* WatchAdView.swift in Sources */ = {isa = PBXBuildFile; fileRef = E9531E772CEE3800007DB602 /* WatchAdView.swift */; };
/* End PBXBuildFile section */

/* Begin PBXFileReference section */
		E9531DF22CEB9B6F007DB602 /* Cryptarithm.app */ = {isa = PBXFileReference; explicitFileType = wrapper.application; includeInIndex = 0; path = Cryptarithm.app; sourceTree = BUILT_PRODUCTS_DIR; };
		E9531DF52CEB9B6F007DB602 /* AppDelegate.swift */ = {isa = PBXFileReference; lastKnownFileType = sourcecode.swift; path = AppDelegate.swift; sourceTree = "<group>"; };
		E9531E012CEB9B70007DB602 /* Base */ = {isa = PBXFileReference; lastKnownFileType = file.storyboard; name = Base; path = Base.lproj/LaunchScreen.storyboard; sourceTree = "<group>"; };
		E9531E032CEB9B70007DB602 /* Info.plist */ = {isa = PBXFileReference; lastKnownFileType = text.plist.xml; path = Info.plist; sourceTree = "<group>"; };
		E9531E0B2CEB9E4E007DB602 /* LaunchAssembly.swift */ = {isa = PBXFileReference; fileEncoding = 4; lastKnownFileType = sourcecode.swift; path = LaunchAssembly.swift; sourceTree = "<group>"; };
		E9531E0C2CEB9E4E007DB602 /* LaunchView.swift */ = {isa = PBXFileReference; fileEncoding = 4; lastKnownFileType = sourcecode.swift; path = LaunchView.swift; sourceTree = "<group>"; };
		E9531E0D2CEB9E4E007DB602 /* LaunchViewModel.swift */ = {isa = PBXFileReference; fileEncoding = 4; lastKnownFileType = sourcecode.swift; path = LaunchViewModel.swift; sourceTree = "<group>"; };
		E9531E0F2CEB9E4E007DB602 /* LevelListAssembly.swift */ = {isa = PBXFileReference; fileEncoding = 4; lastKnownFileType = sourcecode.swift; path = LevelListAssembly.swift; sourceTree = "<group>"; };
		E9531E102CEB9E4E007DB602 /* LevelListView.swift */ = {isa = PBXFileReference; fileEncoding = 4; lastKnownFileType = sourcecode.swift; path = LevelListView.swift; sourceTree = "<group>"; };
		E9531E112CEB9E4E007DB602 /* LevelListViewModel.swift */ = {isa = PBXFileReference; fileEncoding = 4; lastKnownFileType = sourcecode.swift; path = LevelListViewModel.swift; sourceTree = "<group>"; };
		E9531E132CEB9E4E007DB602 /* LevelAssembly.swift */ = {isa = PBXFileReference; fileEncoding = 4; lastKnownFileType = sourcecode.swift; path = LevelAssembly.swift; sourceTree = "<group>"; };
		E9531E142CEB9E4E007DB602 /* LevelView.swift */ = {isa = PBXFileReference; fileEncoding = 4; lastKnownFileType = sourcecode.swift; path = LevelView.swift; sourceTree = "<group>"; };
		E9531E152CEB9E4E007DB602 /* LevelViewModel.swift */ = {isa = PBXFileReference; fileEncoding = 4; lastKnownFileType = sourcecode.swift; path = LevelViewModel.swift; sourceTree = "<group>"; };
		E9531E212CEB9E6F007DB602 /* NavigationView.swift */ = {isa = PBXFileReference; fileEncoding = 4; lastKnownFileType = sourcecode.swift; path = NavigationView.swift; sourceTree = "<group>"; };
		E9531E222CEB9E6F007DB602 /* LevelListItem.swift */ = {isa = PBXFileReference; fileEncoding = 4; lastKnownFileType = sourcecode.swift; path = LevelListItem.swift; sourceTree = "<group>"; };
		E9531E242CEB9E6F007DB602 /* CText.swift */ = {isa = PBXFileReference; fileEncoding = 4; lastKnownFileType = sourcecode.swift; path = CText.swift; sourceTree = "<group>"; };
		E9531E2B2CEB9E9F007DB602 /* Questions.swift */ = {isa = PBXFileReference; fileEncoding = 4; lastKnownFileType = sourcecode.swift; path = Questions.swift; sourceTree = "<group>"; };
		E9531E2C2CEB9E9F007DB602 /* AppState.swift */ = {isa = PBXFileReference; fileEncoding = 4; lastKnownFileType = sourcecode.swift; path = AppState.swift; sourceTree = "<group>"; };
		E9531E2D2CEB9EA0007DB602 /* LevelListItemData.swift */ = {isa = PBXFileReference; fileEncoding = 4; lastKnownFileType = sourcecode.swift; path = LevelListItemData.swift; sourceTree = "<group>"; };
		E9531E2F2CEB9EA0007DB602 /* Level.swift */ = {isa = PBXFileReference; fileEncoding = 4; lastKnownFileType = sourcecode.swift; path = Level.swift; sourceTree = "<group>"; };
		E9531E342CEB9EBD007DB602 /* Strings.swift */ = {isa = PBXFileReference; fileEncoding = 4; lastKnownFileType = sourcecode.swift; path = Strings.swift; sourceTree = "<group>"; };
		E9531E352CEB9EBD007DB602 /* Localizable.xcstrings */ = {isa = PBXFileReference; fileEncoding = 4; lastKnownFileType = text.json.xcstrings; path = Localizable.xcstrings; sourceTree = "<group>"; };
		E9531E382CEB9ED3007DB602 /* Container.swift */ = {isa = PBXFileReference; fileEncoding = 4; lastKnownFileType = sourcecode.swift; path = Container.swift; sourceTree = "<group>"; };
		E9531E392CEB9ED3007DB602 /* LevelsListContainer.swift */ = {isa = PBXFileReference; fileEncoding = 4; lastKnownFileType = sourcecode.swift; path = LevelsListContainer.swift; sourceTree = "<group>"; };
		E9531E3A2CEB9ED3007DB602 /* RootContainer.swift */ = {isa = PBXFileReference; fileEncoding = 4; lastKnownFileType = sourcecode.swift; path = RootContainer.swift; sourceTree = "<group>"; };
		E9531E412CEB9EFF007DB602 /* Color+.swift */ = {isa = PBXFileReference; fileEncoding = 4; lastKnownFileType = sourcecode.swift; path = "Color+.swift"; sourceTree = "<group>"; };
		E9531E452CEB9EFF007DB602 /* Colors.swift */ = {isa = PBXFileReference; fileEncoding = 4; lastKnownFileType = sourcecode.swift; path = Colors.swift; sourceTree = "<group>"; };
		E9531E462CEB9EFF007DB602 /* Fonts.swift */ = {isa = PBXFileReference; fileEncoding = 4; lastKnownFileType = sourcecode.swift; path = Fonts.swift; sourceTree = "<group>"; };
		E9531E4C2CEB9F19007DB602 /* Assets.xcassets */ = {isa = PBXFileReference; lastKnownFileType = folder.assetcatalog; path = Assets.xcassets; sourceTree = "<group>"; };
		E9531E4E2CEB9F45007DB602 /* AdsService.swift */ = {isa = PBXFileReference; fileEncoding = 4; lastKnownFileType = sourcecode.swift; path = AdsService.swift; sourceTree = "<group>"; };
		E9531E4F2CEB9F45007DB602 /* BannerView.swift */ = {isa = PBXFileReference; fileEncoding = 4; lastKnownFileType = sourcecode.swift; path = BannerView.swift; sourceTree = "<group>"; };
		E9531E512CEB9F45007DB602 /* AppStateService.swift */ = {isa = PBXFileReference; fileEncoding = 4; lastKnownFileType = sourcecode.swift; path = AppStateService.swift; sourceTree = "<group>"; };
		E9531E522CEB9F45007DB602 /* UserDefaultsService.swift */ = {isa = PBXFileReference; fileEncoding = 4; lastKnownFileType = sourcecode.swift; path = UserDefaultsService.swift; sourceTree = "<group>"; };
		E9531E542CEB9F45007DB602 /* LevelParser.swift */ = {isa = PBXFileReference; fileEncoding = 4; lastKnownFileType = sourcecode.swift; path = LevelParser.swift; sourceTree = "<group>"; };
		E9531E552CEB9F45007DB602 /* LevelsService.swift */ = {isa = PBXFileReference; fileEncoding = 4; lastKnownFileType = sourcecode.swift; path = LevelsService.swift; sourceTree = "<group>"; };
		E9531E622CECBED1007DB602 /* Coordinator.swift */ = {isa = PBXFileReference; lastKnownFileType = sourcecode.swift; path = Coordinator.swift; sourceTree = "<group>"; };
		E9531E652CECC878007DB602 /* ApplicationCoordinator.swift */ = {isa = PBXFileReference; lastKnownFileType = sourcecode.swift; path = ApplicationCoordinator.swift; sourceTree = "<group>"; };
		E9531E672CECD364007DB602 /* LaunchCoordinator.swift */ = {isa = PBXFileReference; lastKnownFileType = sourcecode.swift; path = LaunchCoordinator.swift; sourceTree = "<group>"; };
		E9531E692CECD3A8007DB602 /* LevelsCoordinator.swift */ = {isa = PBXFileReference; lastKnownFileType = sourcecode.swift; path = LevelsCoordinator.swift; sourceTree = "<group>"; };
		E9531E6D2CEE030D007DB602 /* AppRouter.swift */ = {isa = PBXFileReference; lastKnownFileType = sourcecode.swift; path = AppRouter.swift; sourceTree = "<group>"; };
		E9531E6F2CEE2AA0007DB602 /* LevelContainer.swift */ = {isa = PBXFileReference; lastKnownFileType = sourcecode.swift; path = LevelContainer.swift; sourceTree = "<group>"; };
		E9531E732CEE37CD007DB602 /* WatchAdAssembly.swift */ = {isa = PBXFileReference; lastKnownFileType = sourcecode.swift; path = WatchAdAssembly.swift; sourceTree = "<group>"; };
		E9531E752CEE37EB007DB602 /* WatchAdViewModel.swift */ = {isa = PBXFileReference; lastKnownFileType = sourcecode.swift; path = WatchAdViewModel.swift; sourceTree = "<group>"; };
		E9531E772CEE3800007DB602 /* WatchAdView.swift */ = {isa = PBXFileReference; lastKnownFileType = sourcecode.swift; path = WatchAdView.swift; sourceTree = "<group>"; };
/* End PBXFileReference section */

/* Begin PBXFrameworksBuildPhase section */
		E9531DEF2CEB9B6F007DB602 /* Frameworks */ = {
			isa = PBXFrameworksBuildPhase;
			buildActionMask = 2147483647;
			files = (
				E9531E5F2CEB9FF7007DB602 /* GoogleMobileAds in Frameworks */,
			);
			runOnlyForDeploymentPostprocessing = 0;
		};
/* End PBXFrameworksBuildPhase section */

/* Begin PBXGroup section */
		E9531DE92CEB9B6F007DB602 = {
			isa = PBXGroup;
			children = (
				E9531DF42CEB9B6F007DB602 /* Cryptarithm */,
				E9531DF32CEB9B6F007DB602 /* Products */,
			);
			sourceTree = "<group>";
		};
		E9531DF32CEB9B6F007DB602 /* Products */ = {
			isa = PBXGroup;
			children = (
				E9531DF22CEB9B6F007DB602 /* Cryptarithm.app */,
			);
			name = Products;
			sourceTree = "<group>";
		};
		E9531DF42CEB9B6F007DB602 /* Cryptarithm */ = {
			isa = PBXGroup;
			children = (
				E9531E092CEB9B9E007DB602 /* App */,
				E9531E562CEB9F45007DB602 /* Services */,
				E9531E422CEB9EFF007DB602 /* Extensions */,
				E9531E472CEB9EFF007DB602 /* Helpers */,
				E9531E3C2CEB9ED3007DB602 /* DI */,
				E9531E2A2CEB9E8B007DB602 /* Models */,
				E9531E292CEB9E7D007DB602 /* Strings */,
				E9531E0A2CEB9E30007DB602 /* Presentation */,
				E9531E4C2CEB9F19007DB602 /* Assets.xcassets */,
				E9531E002CEB9B70007DB602 /* LaunchScreen.storyboard */,
				E9531E032CEB9B70007DB602 /* Info.plist */,
			);
			path = Cryptarithm;
			sourceTree = "<group>";
		};
		E9531E092CEB9B9E007DB602 /* App */ = {
			isa = PBXGroup;
			children = (
				E9531DF52CEB9B6F007DB602 /* AppDelegate.swift */,
			);
			path = App;
			sourceTree = "<group>";
		};
		E9531E0A2CEB9E30007DB602 /* Presentation */ = {
			isa = PBXGroup;
			children = (
				E9531E602CECBEAD007DB602 /* Navigation */,
				E9531E712CEE37A5007DB602 /* Screens */,
				E9531E202CEB9E54007DB602 /* Views */,
			);
			path = Presentation;
			sourceTree = "<group>";
		};
		E9531E0E2CEB9E4E007DB602 /* Launch */ = {
			isa = PBXGroup;
			children = (
				E9531E0B2CEB9E4E007DB602 /* LaunchAssembly.swift */,
				E9531E0D2CEB9E4E007DB602 /* LaunchViewModel.swift */,
				E9531E0C2CEB9E4E007DB602 /* LaunchView.swift */,
			);
			path = Launch;
			sourceTree = "<group>";
		};
		E9531E122CEB9E4E007DB602 /* LevelsList */ = {
			isa = PBXGroup;
			children = (
				E9531E0F2CEB9E4E007DB602 /* LevelListAssembly.swift */,
				E9531E112CEB9E4E007DB602 /* LevelListViewModel.swift */,
				E9531E102CEB9E4E007DB602 /* LevelListView.swift */,
			);
			path = LevelsList;
			sourceTree = "<group>";
		};
		E9531E162CEB9E4E007DB602 /* Level */ = {
			isa = PBXGroup;
			children = (
				E9531E132CEB9E4E007DB602 /* LevelAssembly.swift */,
				E9531E152CEB9E4E007DB602 /* LevelViewModel.swift */,
				E9531E142CEB9E4E007DB602 /* LevelView.swift */,
			);
			path = Level;
			sourceTree = "<group>";
		};
		E9531E202CEB9E54007DB602 /* Views */ = {
			isa = PBXGroup;
			children = (
				E9531E242CEB9E6F007DB602 /* CText.swift */,
				E9531E222CEB9E6F007DB602 /* LevelListItem.swift */,
				E9531E212CEB9E6F007DB602 /* NavigationView.swift */,
			);
			path = Views;
			sourceTree = "<group>";
		};
		E9531E292CEB9E7D007DB602 /* Strings */ = {
			isa = PBXGroup;
			children = (
				E9531E352CEB9EBD007DB602 /* Localizable.xcstrings */,
				E9531E342CEB9EBD007DB602 /* Strings.swift */,
			);
			path = Strings;
			sourceTree = "<group>";
		};
		E9531E2A2CEB9E8B007DB602 /* Models */ = {
			isa = PBXGroup;
			children = (
				E9531E2C2CEB9E9F007DB602 /* AppState.swift */,
				E9531E2F2CEB9EA0007DB602 /* Level.swift */,
				E9531E2B2CEB9E9F007DB602 /* Questions.swift */,
				E9531E2E2CEB9EA0007DB602 /* UI Models */,
			);
			path = Models;
			sourceTree = "<group>";
		};
		E9531E2E2CEB9EA0007DB602 /* UI Models */ = {
			isa = PBXGroup;
			children = (
				E9531E2D2CEB9EA0007DB602 /* LevelListItemData.swift */,
			);
			path = "UI Models";
			sourceTree = "<group>";
		};
		E9531E3B2CEB9ED3007DB602 /* Protocols */ = {
			isa = PBXGroup;
			children = (
				E9531E382CEB9ED3007DB602 /* Container.swift */,
				E9531E3A2CEB9ED3007DB602 /* RootContainer.swift */,
				E9531E392CEB9ED3007DB602 /* LevelsListContainer.swift */,
				E9531E6F2CEE2AA0007DB602 /* LevelContainer.swift */,
			);
			path = Protocols;
			sourceTree = "<group>";
		};
		E9531E3C2CEB9ED3007DB602 /* DI */ = {
			isa = PBXGroup;
			children = (
				E9531E3B2CEB9ED3007DB602 /* Protocols */,
			);
			path = DI;
			sourceTree = "<group>";
		};
		E9531E422CEB9EFF007DB602 /* Extensions */ = {
			isa = PBXGroup;
			children = (
				E9531E412CEB9EFF007DB602 /* Color+.swift */,
			);
			path = Extensions;
			sourceTree = "<group>";
		};
		E9531E472CEB9EFF007DB602 /* Helpers */ = {
			isa = PBXGroup;
			children = (
				E9531E452CEB9EFF007DB602 /* Colors.swift */,
				E9531E462CEB9EFF007DB602 /* Fonts.swift */,
			);
			path = Helpers;
			sourceTree = "<group>";
		};
		E9531E502CEB9F45007DB602 /* Ads */ = {
			isa = PBXGroup;
			children = (
				E9531E4E2CEB9F45007DB602 /* AdsService.swift */,
				E9531E4F2CEB9F45007DB602 /* BannerView.swift */,
			);
			path = Ads;
			sourceTree = "<group>";
		};
		E9531E532CEB9F45007DB602 /* Storage */ = {
			isa = PBXGroup;
			children = (
				E9531E512CEB9F45007DB602 /* AppStateService.swift */,
				E9531E522CEB9F45007DB602 /* UserDefaultsService.swift */,
			);
			path = Storage;
			sourceTree = "<group>";
		};
		E9531E562CEB9F45007DB602 /* Services */ = {
			isa = PBXGroup;
			children = (
				E9531E502CEB9F45007DB602 /* Ads */,
				E9531E532CEB9F45007DB602 /* Storage */,
				E9531E542CEB9F45007DB602 /* LevelParser.swift */,
				E9531E552CEB9F45007DB602 /* LevelsService.swift */,
			);
			path = Services;
			sourceTree = "<group>";
		};
		E9531E602CECBEAD007DB602 /* Navigation */ = {
			isa = PBXGroup;
			children = (
				E9531E6B2CEE02FD007DB602 /* Router */,
				E9531E642CECC86A007DB602 /* Coordinators */,
			);
			path = Navigation;
			sourceTree = "<group>";
		};
		E9531E612CECBEB9007DB602 /* Protocols */ = {
			isa = PBXGroup;
			children = (
				E9531E622CECBED1007DB602 /* Coordinator.swift */,
			);
			path = Protocols;
			sourceTree = "<group>";
		};
		E9531E642CECC86A007DB602 /* Coordinators */ = {
			isa = PBXGroup;
			children = (
				E9531E612CECBEB9007DB602 /* Protocols */,
				E9531E652CECC878007DB602 /* ApplicationCoordinator.swift */,
				E9531E672CECD364007DB602 /* LaunchCoordinator.swift */,
				E9531E692CECD3A8007DB602 /* LevelsCoordinator.swift */,
			);
			path = Coordinators;
			sourceTree = "<group>";
		};
		E9531E6B2CEE02FD007DB602 /* Router */ = {
			isa = PBXGroup;
			children = (
				E9531E6C2CEE0302007DB602 /* Protocols */,
			);
			path = Router;
			sourceTree = "<group>";
		};
		E9531E6C2CEE0302007DB602 /* Protocols */ = {
			isa = PBXGroup;
			children = (
				E9531E6D2CEE030D007DB602 /* AppRouter.swift */,
			);
			path = Protocols;
			sourceTree = "<group>";
		};
		E9531E712CEE37A5007DB602 /* Screens */ = {
			isa = PBXGroup;
			children = (
				E9531E722CEE37B6007DB602 /* WatchAd */,
				E9531E0E2CEB9E4E007DB602 /* Launch */,
				E9531E162CEB9E4E007DB602 /* Level */,
				E9531E122CEB9E4E007DB602 /* LevelsList */,
			);
			path = Screens;
			sourceTree = "<group>";
		};
		E9531E722CEE37B6007DB602 /* WatchAd */ = {
			isa = PBXGroup;
			children = (
				E9531E732CEE37CD007DB602 /* WatchAdAssembly.swift */,
				E9531E752CEE37EB007DB602 /* WatchAdViewModel.swift */,
				E9531E772CEE3800007DB602 /* WatchAdView.swift */,
			);
			path = WatchAd;
			sourceTree = "<group>";
		};
/* End PBXGroup section */

/* Begin PBXNativeTarget section */
		E9531DF12CEB9B6F007DB602 /* Cryptarithm */ = {
			isa = PBXNativeTarget;
			buildConfigurationList = E9531E062CEB9B70007DB602 /* Build configuration list for PBXNativeTarget "Cryptarithm" */;
			buildPhases = (
				E9531DEE2CEB9B6F007DB602 /* Sources */,
				E9531DEF2CEB9B6F007DB602 /* Frameworks */,
				E9531DF02CEB9B6F007DB602 /* Resources */,
			);
			buildRules = (
			);
			dependencies = (
			);
			name = Cryptarithm;
			packageProductDependencies = (
				E9531E5E2CEB9FF7007DB602 /* GoogleMobileAds */,
			);
			productName = Cryptarithm;
			productReference = E9531DF22CEB9B6F007DB602 /* Cryptarithm.app */;
			productType = "com.apple.product-type.application";
		};
/* End PBXNativeTarget section */

/* Begin PBXProject section */
		E9531DEA2CEB9B6F007DB602 /* Project object */ = {
			isa = PBXProject;
			attributes = {
				BuildIndependentTargetsInParallel = 1;
				LastSwiftUpdateCheck = 1530;
				LastUpgradeCheck = 1530;
				TargetAttributes = {
					E9531DF12CEB9B6F007DB602 = {
						CreatedOnToolsVersion = 15.3;
					};
				};
			};
			buildConfigurationList = E9531DED2CEB9B6F007DB602 /* Build configuration list for PBXProject "Cryptarithm" */;
			compatibilityVersion = "Xcode 14.0";
			developmentRegion = en;
			hasScannedForEncodings = 0;
			knownRegions = (
				en,
				Base,
			);
			mainGroup = E9531DE92CEB9B6F007DB602;
			packageReferences = (
				E9531E5D2CEB9FF7007DB602 /* XCRemoteSwiftPackageReference "swift-package-manager-google-mobile-ads" */,
			);
			productRefGroup = E9531DF32CEB9B6F007DB602 /* Products */;
			projectDirPath = "";
			projectRoot = "";
			targets = (
				E9531DF12CEB9B6F007DB602 /* Cryptarithm */,
			);
		};
/* End PBXProject section */

/* Begin PBXResourcesBuildPhase section */
		E9531DF02CEB9B6F007DB602 /* Resources */ = {
			isa = PBXResourcesBuildPhase;
			buildActionMask = 2147483647;
			files = (
				E9531E022CEB9B70007DB602 /* Base in Resources */,
				E9531E4D2CEB9F19007DB602 /* Assets.xcassets in Resources */,
				E9531E372CEB9EBD007DB602 /* Localizable.xcstrings in Resources */,
			);
			runOnlyForDeploymentPostprocessing = 0;
		};
/* End PBXResourcesBuildPhase section */

/* Begin PBXSourcesBuildPhase section */
		E9531DEE2CEB9B6F007DB602 /* Sources */ = {
			isa = PBXSourcesBuildPhase;
			buildActionMask = 2147483647;
			files = (
				E9531E582CEB9F46007DB602 /* BannerView.swift in Sources */,
				E9531E1A2CEB9E4E007DB602 /* LevelListAssembly.swift in Sources */,
				E9531E702CEE2AA0007DB602 /* LevelContainer.swift in Sources */,
				E9531E482CEB9EFF007DB602 /* Color+.swift in Sources */,
				E9531E4B2CEB9EFF007DB602 /* Fonts.swift in Sources */,
				E9531E6E2CEE030D007DB602 /* AppRouter.swift in Sources */,
				E9531E362CEB9EBD007DB602 /* Strings.swift in Sources */,
				E9531E282CEB9E6F007DB602 /* CText.swift in Sources */,
				E9531E3D2CEB9ED3007DB602 /* Container.swift in Sources */,
				E9531E4A2CEB9EFF007DB602 /* Colors.swift in Sources */,
				E9531E572CEB9F46007DB602 /* AdsService.swift in Sources */,
				E9531E5C2CEB9F46007DB602 /* LevelsService.swift in Sources */,
				E9531E6A2CECD3A8007DB602 /* LevelsCoordinator.swift in Sources */,
				E9531E1D2CEB9E4E007DB602 /* LevelAssembly.swift in Sources */,
				E9531E3F2CEB9ED3007DB602 /* RootContainer.swift in Sources */,
				E9531E5A2CEB9F46007DB602 /* UserDefaultsService.swift in Sources */,
				E9531E182CEB9E4E007DB602 /* LaunchView.swift in Sources */,
				E9531E322CEB9EA0007DB602 /* LevelListItemData.swift in Sources */,
				E9531E302CEB9EA0007DB602 /* Questions.swift in Sources */,
				E9531E632CECBED1007DB602 /* Coordinator.swift in Sources */,
				E9531E312CEB9EA0007DB602 /* AppState.swift in Sources */,
				E9531E262CEB9E6F007DB602 /* LevelListItem.swift in Sources */,
				E9531E682CECD364007DB602 /* LaunchCoordinator.swift in Sources */,
				E9531E1C2CEB9E4E007DB602 /* LevelListViewModel.swift in Sources */,
				E9531E172CEB9E4E007DB602 /* LaunchAssembly.swift in Sources */,
				E9531E1B2CEB9E4E007DB602 /* LevelListView.swift in Sources */,
				E9531E742CEE37CD007DB602 /* WatchAdAssembly.swift in Sources */,
				E9531E782CEE3800007DB602 /* WatchAdView.swift in Sources */,
				E9531E762CEE37EB007DB602 /* WatchAdViewModel.swift in Sources */,
				E9531E5B2CEB9F46007DB602 /* LevelParser.swift in Sources */,
				E9531E3E2CEB9ED3007DB602 /* LevelsListContainer.swift in Sources */,
				E9531E1F2CEB9E4E007DB602 /* LevelViewModel.swift in Sources */,
				E9531E592CEB9F46007DB602 /* AppStateService.swift in Sources */,
				E9531E192CEB9E4E007DB602 /* LaunchViewModel.swift in Sources */,
				E9531E332CEB9EA0007DB602 /* Level.swift in Sources */,
				E9531DF62CEB9B6F007DB602 /* AppDelegate.swift in Sources */,
				E9531E252CEB9E6F007DB602 /* NavigationView.swift in Sources */,
				E9531E662CECC878007DB602 /* ApplicationCoordinator.swift in Sources */,
				E9531E1E2CEB9E4E007DB602 /* LevelView.swift in Sources */,
			);
			runOnlyForDeploymentPostprocessing = 0;
		};
/* End PBXSourcesBuildPhase section */

/* Begin PBXVariantGroup section */
		E9531E002CEB9B70007DB602 /* LaunchScreen.storyboard */ = {
			isa = PBXVariantGroup;
			children = (
				E9531E012CEB9B70007DB602 /* Base */,
			);
			name = LaunchScreen.storyboard;
			sourceTree = "<group>";
		};
/* End PBXVariantGroup section */

/* Begin XCBuildConfiguration section */
		E9531E042CEB9B70007DB602 /* Debug */ = {
			isa = XCBuildConfiguration;
			buildSettings = {
				ALWAYS_SEARCH_USER_PATHS = NO;
				ASSETCATALOG_COMPILER_GENERATE_SWIFT_ASSET_SYMBOL_EXTENSIONS = YES;
				CLANG_ANALYZER_NONNULL = YES;
				CLANG_ANALYZER_NUMBER_OBJECT_CONVERSION = YES_AGGRESSIVE;
				CLANG_CXX_LANGUAGE_STANDARD = "gnu++20";
				CLANG_ENABLE_MODULES = YES;
				CLANG_ENABLE_OBJC_ARC = YES;
				CLANG_ENABLE_OBJC_WEAK = YES;
				CLANG_WARN_BLOCK_CAPTURE_AUTORELEASING = YES;
				CLANG_WARN_BOOL_CONVERSION = YES;
				CLANG_WARN_COMMA = YES;
				CLANG_WARN_CONSTANT_CONVERSION = YES;
				CLANG_WARN_DEPRECATED_OBJC_IMPLEMENTATIONS = YES;
				CLANG_WARN_DIRECT_OBJC_ISA_USAGE = YES_ERROR;
				CLANG_WARN_DOCUMENTATION_COMMENTS = YES;
				CLANG_WARN_EMPTY_BODY = YES;
				CLANG_WARN_ENUM_CONVERSION = YES;
				CLANG_WARN_INFINITE_RECURSION = YES;
				CLANG_WARN_INT_CONVERSION = YES;
				CLANG_WARN_NON_LITERAL_NULL_CONVERSION = YES;
				CLANG_WARN_OBJC_IMPLICIT_RETAIN_SELF = YES;
				CLANG_WARN_OBJC_LITERAL_CONVERSION = YES;
				CLANG_WARN_OBJC_ROOT_CLASS = YES_ERROR;
				CLANG_WARN_QUOTED_INCLUDE_IN_FRAMEWORK_HEADER = YES;
				CLANG_WARN_RANGE_LOOP_ANALYSIS = YES;
				CLANG_WARN_STRICT_PROTOTYPES = YES;
				CLANG_WARN_SUSPICIOUS_MOVE = YES;
				CLANG_WARN_UNGUARDED_AVAILABILITY = YES_AGGRESSIVE;
				CLANG_WARN_UNREACHABLE_CODE = YES;
				CLANG_WARN__DUPLICATE_METHOD_MATCH = YES;
				COPY_PHASE_STRIP = NO;
				DEBUG_INFORMATION_FORMAT = dwarf;
				ENABLE_STRICT_OBJC_MSGSEND = YES;
				ENABLE_TESTABILITY = YES;
				ENABLE_USER_SCRIPT_SANDBOXING = YES;
				GCC_C_LANGUAGE_STANDARD = gnu17;
				GCC_DYNAMIC_NO_PIC = NO;
				GCC_NO_COMMON_BLOCKS = YES;
				GCC_OPTIMIZATION_LEVEL = 0;
				GCC_PREPROCESSOR_DEFINITIONS = (
					"DEBUG=1",
					"$(inherited)",
				);
				GCC_WARN_64_TO_32_BIT_CONVERSION = YES;
				GCC_WARN_ABOUT_RETURN_TYPE = YES_ERROR;
				GCC_WARN_UNDECLARED_SELECTOR = YES;
				GCC_WARN_UNINITIALIZED_AUTOS = YES_AGGRESSIVE;
				GCC_WARN_UNUSED_FUNCTION = YES;
				GCC_WARN_UNUSED_VARIABLE = YES;
				IPHONEOS_DEPLOYMENT_TARGET = 16.0;
				LOCALIZATION_PREFERS_STRING_CATALOGS = YES;
				MTL_ENABLE_DEBUG_INFO = INCLUDE_SOURCE;
				MTL_FAST_MATH = YES;
				ONLY_ACTIVE_ARCH = YES;
				SDKROOT = iphoneos;
				SWIFT_ACTIVE_COMPILATION_CONDITIONS = "DEBUG $(inherited)";
				SWIFT_OPTIMIZATION_LEVEL = "-Onone";
			};
			name = Debug;
		};
		E9531E052CEB9B70007DB602 /* Release */ = {
			isa = XCBuildConfiguration;
			buildSettings = {
				ALWAYS_SEARCH_USER_PATHS = NO;
				ASSETCATALOG_COMPILER_GENERATE_SWIFT_ASSET_SYMBOL_EXTENSIONS = YES;
				CLANG_ANALYZER_NONNULL = YES;
				CLANG_ANALYZER_NUMBER_OBJECT_CONVERSION = YES_AGGRESSIVE;
				CLANG_CXX_LANGUAGE_STANDARD = "gnu++20";
				CLANG_ENABLE_MODULES = YES;
				CLANG_ENABLE_OBJC_ARC = YES;
				CLANG_ENABLE_OBJC_WEAK = YES;
				CLANG_WARN_BLOCK_CAPTURE_AUTORELEASING = YES;
				CLANG_WARN_BOOL_CONVERSION = YES;
				CLANG_WARN_COMMA = YES;
				CLANG_WARN_CONSTANT_CONVERSION = YES;
				CLANG_WARN_DEPRECATED_OBJC_IMPLEMENTATIONS = YES;
				CLANG_WARN_DIRECT_OBJC_ISA_USAGE = YES_ERROR;
				CLANG_WARN_DOCUMENTATION_COMMENTS = YES;
				CLANG_WARN_EMPTY_BODY = YES;
				CLANG_WARN_ENUM_CONVERSION = YES;
				CLANG_WARN_INFINITE_RECURSION = YES;
				CLANG_WARN_INT_CONVERSION = YES;
				CLANG_WARN_NON_LITERAL_NULL_CONVERSION = YES;
				CLANG_WARN_OBJC_IMPLICIT_RETAIN_SELF = YES;
				CLANG_WARN_OBJC_LITERAL_CONVERSION = YES;
				CLANG_WARN_OBJC_ROOT_CLASS = YES_ERROR;
				CLANG_WARN_QUOTED_INCLUDE_IN_FRAMEWORK_HEADER = YES;
				CLANG_WARN_RANGE_LOOP_ANALYSIS = YES;
				CLANG_WARN_STRICT_PROTOTYPES = YES;
				CLANG_WARN_SUSPICIOUS_MOVE = YES;
				CLANG_WARN_UNGUARDED_AVAILABILITY = YES_AGGRESSIVE;
				CLANG_WARN_UNREACHABLE_CODE = YES;
				CLANG_WARN__DUPLICATE_METHOD_MATCH = YES;
				COPY_PHASE_STRIP = NO;
				DEBUG_INFORMATION_FORMAT = "dwarf-with-dsym";
				ENABLE_NS_ASSERTIONS = NO;
				ENABLE_STRICT_OBJC_MSGSEND = YES;
				ENABLE_USER_SCRIPT_SANDBOXING = YES;
				GCC_C_LANGUAGE_STANDARD = gnu17;
				GCC_NO_COMMON_BLOCKS = YES;
				GCC_WARN_64_TO_32_BIT_CONVERSION = YES;
				GCC_WARN_ABOUT_RETURN_TYPE = YES_ERROR;
				GCC_WARN_UNDECLARED_SELECTOR = YES;
				GCC_WARN_UNINITIALIZED_AUTOS = YES_AGGRESSIVE;
				GCC_WARN_UNUSED_FUNCTION = YES;
				GCC_WARN_UNUSED_VARIABLE = YES;
				IPHONEOS_DEPLOYMENT_TARGET = 16.0;
				LOCALIZATION_PREFERS_STRING_CATALOGS = YES;
				MTL_ENABLE_DEBUG_INFO = NO;
				MTL_FAST_MATH = YES;
				SDKROOT = iphoneos;
				SWIFT_COMPILATION_MODE = wholemodule;
				VALIDATE_PRODUCT = YES;
			};
			name = Release;
		};
		E9531E072CEB9B70007DB602 /* Debug */ = {
			isa = XCBuildConfiguration;
			buildSettings = {
				ASSETCATALOG_COMPILER_APPICON_NAME = AppIcon;
				ASSETCATALOG_COMPILER_GLOBAL_ACCENT_COLOR_NAME = AccentColor;
				CODE_SIGN_STYLE = Automatic;
				CURRENT_PROJECT_VERSION = 1;
				DEVELOPMENT_TEAM = F99562M48D;
				GENERATE_INFOPLIST_FILE = YES;
				INFOPLIST_FILE = Cryptarithm/Info.plist;
				INFOPLIST_KEY_UIApplicationSupportsIndirectInputEvents = YES;
				INFOPLIST_KEY_UILaunchStoryboardName = LaunchScreen;
				INFOPLIST_KEY_UISupportedInterfaceOrientations_iPad = "UIInterfaceOrientationPortrait UIInterfaceOrientationPortraitUpsideDown UIInterfaceOrientationLandscapeLeft UIInterfaceOrientationLandscapeRight";
				INFOPLIST_KEY_UISupportedInterfaceOrientations_iPhone = "UIInterfaceOrientationPortrait UIInterfaceOrientationLandscapeLeft UIInterfaceOrientationLandscapeRight";
				LD_RUNPATH_SEARCH_PATHS = (
					"$(inherited)",
					"@executable_path/Frameworks",
				);
				MARKETING_VERSION = 1.0;
				PRODUCT_BUNDLE_IDENTIFIER = pavel.cryptarithm.com.Cryptarithm;
				PRODUCT_NAME = "$(TARGET_NAME)";
				SUPPORTED_PLATFORMS = "iphoneos iphonesimulator";
				SUPPORTS_MACCATALYST = NO;
				SUPPORTS_MAC_DESIGNED_FOR_IPHONE_IPAD = NO;
				SUPPORTS_XR_DESIGNED_FOR_IPHONE_IPAD = NO;
				SWIFT_EMIT_LOC_STRINGS = YES;
				SWIFT_VERSION = 5.0;
				TARGETED_DEVICE_FAMILY = 1;
			};
			name = Debug;
		};
		E9531E082CEB9B70007DB602 /* Release */ = {
			isa = XCBuildConfiguration;
			buildSettings = {
				ASSETCATALOG_COMPILER_APPICON_NAME = AppIcon;
				ASSETCATALOG_COMPILER_GLOBAL_ACCENT_COLOR_NAME = AccentColor;
				CODE_SIGN_STYLE = Automatic;
				CURRENT_PROJECT_VERSION = 1;
				DEVELOPMENT_TEAM = F99562M48D;
				GENERATE_INFOPLIST_FILE = YES;
				INFOPLIST_FILE = Cryptarithm/Info.plist;
				INFOPLIST_KEY_UIApplicationSupportsIndirectInputEvents = YES;
				INFOPLIST_KEY_UILaunchStoryboardName = LaunchScreen;
				INFOPLIST_KEY_UISupportedInterfaceOrientations_iPad = "UIInterfaceOrientationPortrait UIInterfaceOrientationPortraitUpsideDown UIInterfaceOrientationLandscapeLeft UIInterfaceOrientationLandscapeRight";
				INFOPLIST_KEY_UISupportedInterfaceOrientations_iPhone = "UIInterfaceOrientationPortrait UIInterfaceOrientationLandscapeLeft UIInterfaceOrientationLandscapeRight";
				LD_RUNPATH_SEARCH_PATHS = (
					"$(inherited)",
					"@executable_path/Frameworks",
				);
				MARKETING_VERSION = 1.0;
				PRODUCT_BUNDLE_IDENTIFIER = pavel.cryptarithm.com.Cryptarithm;
				PRODUCT_NAME = "$(TARGET_NAME)";
				SUPPORTED_PLATFORMS = "iphoneos iphonesimulator";
				SUPPORTS_MACCATALYST = NO;
				SUPPORTS_MAC_DESIGNED_FOR_IPHONE_IPAD = NO;
				SUPPORTS_XR_DESIGNED_FOR_IPHONE_IPAD = NO;
				SWIFT_EMIT_LOC_STRINGS = YES;
				SWIFT_VERSION = 5.0;
				TARGETED_DEVICE_FAMILY = 1;
			};
			name = Release;
		};
/* End XCBuildConfiguration section */

/* Begin XCConfigurationList section */
		E9531DED2CEB9B6F007DB602 /* Build configuration list for PBXProject "Cryptarithm" */ = {
			isa = XCConfigurationList;
			buildConfigurations = (
				E9531E042CEB9B70007DB602 /* Debug */,
				E9531E052CEB9B70007DB602 /* Release */,
			);
			defaultConfigurationIsVisible = 0;
			defaultConfigurationName = Release;
		};
		E9531E062CEB9B70007DB602 /* Build configuration list for PBXNativeTarget "Cryptarithm" */ = {
			isa = XCConfigurationList;
			buildConfigurations = (
				E9531E072CEB9B70007DB602 /* Debug */,
				E9531E082CEB9B70007DB602 /* Release */,
			);
			defaultConfigurationIsVisible = 0;
			defaultConfigurationName = Release;
		};
/* End XCConfigurationList section */

/* Begin XCRemoteSwiftPackageReference section */
		E9531E5D2CEB9FF7007DB602 /* XCRemoteSwiftPackageReference "swift-package-manager-google-mobile-ads" */ = {
			isa = XCRemoteSwiftPackageReference;
			repositoryURL = "https://github.com/googleads/swift-package-manager-google-mobile-ads.git";
			requirement = {
				kind = upToNextMajorVersion;
				minimumVersion = 11.12.0;
			};
		};
/* End XCRemoteSwiftPackageReference section */

/* Begin XCSwiftPackageProductDependency section */
		E9531E5E2CEB9FF7007DB602 /* GoogleMobileAds */ = {
			isa = XCSwiftPackageProductDependency;
			package = E9531E5D2CEB9FF7007DB602 /* XCRemoteSwiftPackageReference "swift-package-manager-google-mobile-ads" */;
			productName = GoogleMobileAds;
		};
/* End XCSwiftPackageProductDependency section */
	};
	rootObject = E9531DEA2CEB9B6F007DB602 /* Project object */;
}
